
Microsoft Visual Studio Solution File, Format Version 12.00
# Visual Studio Version 17
VisualStudioVersion = 17.5.33414.496
MinimumVisualStudioVersion = 10.0.40219.1
Project("{9A19103F-16F7-4668-BE54-9A1E7A4F7556}") = "IssueTracker", "IssueTracker\IssueTracker.csproj", "{1FA27434-CAE2-480B-843E-BA9EF1AC2191}"
EndProject
Global
	GlobalSection(SolutionConfigurationPlatforms) = preSolution
		Debug|Any CPU = Debug|Any CPU
		Release|Any CPU = Release|Any CPU
	EndGlobalSection
	GlobalSection(ProjectConfigurationPlatforms) = postSolution
		{1FA27434-CAE2-480B-843E-BA9EF1AC2191}.Debug|Any CPU.ActiveCfg = Debug|Any CPU
		{1FA27434-CAE2-480B-843E-BA9EF1AC2191}.Debug|Any CPU.Build.0 = Debug|Any CPU
		{1FA27434-CAE2-480B-843E-BA9EF1AC2191}.Release|Any CPU.ActiveCfg = Release|Any CPU
		{1FA27434-CAE2-480B-843E-BA9EF1AC2191}.Release|Any CPU.Build.0 = Release|Any CPU
	EndGlobalSection
	GlobalSection(SolutionProperties) = preSolution
		HideSolutionNode = FALSE
	EndGlobalSection
	GlobalSection(ExtensibilityGlobals) = postSolution
		SolutionGuid = {54DB3545-D16A-43D6-93A5-E025ADF93C30}
	EndGlobalSection
EndGlobal
